dependencies:
- name: cert-manager
  repository: https://charts.jetstack.io
  version: v1.10.1
- name: nifikop
  repository: oci://europe-west2-docker.pkg.dev/prj-cogniflare-marketpl-public/helm-charts
  version: 1.0.0-calleido1
- name: zookeeper
  repository: https://charts.bitnami.com/bitnami
  version: 10.2.5
digest: sha256:54a9767fa699e9b9b4f3517d9f9c2a31fcb8f152b2ec4b49969ed91d4c6e9eac
generated: "2023-04-24T13:00:29.172104+02:00"
